{
  "name": "babylon-game",
  "version": "0.0.1",
  "lockfileVersion": 3,
  "requires": true,
  "packages": {
    "": {
      "name": "babylon-game",
      "version": "0.0.1",
      "license": "ISC",
      "dependencies": {
        "@babylonjs/core": "7.48.3",
        "@babylonjs/loaders": "7.48.3"
      }
    },
    "node_modules/@babylonjs/core": {
      "version": "7.48.3",
      "resolved": "https://registry.npmjs.org/@babylonjs/core/-/core-7.48.3.tgz",
      "integrity": "sha512-Y9YO8xB8hfFcU/Smo0wWBHZ0SshwN4BvPG/UWtmyw2KsSyuCNK3piddGGvm23+6Q/IVg53RNC6U8SW8Ernl5zQ==",
      "license": "Apache-2.0"
    },
    "node_modules/@babylonjs/loaders": {
      "version": "7.48.3",
      "resolved": "https://registry.npmjs.org/@babylonjs/loaders/-/loaders-7.48.3.tgz",
      "integrity": "sha512-iQn0O9YDwZsh7p2MtXKD7fxtJGQOTG5zHh7PtywnzhAoTI9NIPl4MFBgg+z+eauGrOZ/m7l3ZeAIOUBjHO8JZQ==",
      "license": "Apache-2.0",
      "peerDependencies": {
        "@babylonjs/core": "^7.0.0",
        "babylonjs-gltf2interface": "^7.0.0"
      }
    },
    "node_modules/babylonjs-gltf2interface": {
      "version": "7.54.3",
      "resolved": "https://registry.npmjs.org/babylonjs-gltf2interface/-/babylonjs-gltf2interface-7.54.3.tgz",
      "integrity": "sha512-ZAWYFyE+SOczfWT19O4e3YRkCZ5i57SiD2eK2kqc+Tow/t9X1S45xgSFNuHZff++dd5BlVIEQDSnFV+McFLSnQ==",
      "license": "Apache-2.0",
      "peer": true
    }
  }
}
